
Microsoft Visual Studio Solution File, Format Version 12.00
Project("{2150E333-8FDC-42A3-9474-1A3956D46DE8}") = "conf", "conf", "{7A504AD6-F1FB-4146-A188-E696B7FC9F5D}"
ProjectSection(SolutionItems) = preProject
	postcss.config.js = postcss.config.js
	tailwind.config.js = tailwind.config.js
	build.fsx = build.fsx
	paket.dependencies = paket.dependencies
	snowpack.config.mjs = snowpack.config.mjs
	package.json = package.json
	tsconfig.json = tsconfig.json
	snowplug1.js = snowplug1.js
EndProjectSection
EndProject
Project("{F2A71F9B-5D33-465A-A702-920D77279786}") = "Safr.Server", "src\Safr.Server\Safr.Server.fsproj", "{6F17D61A-6C5A-4A09-BC8F-9F626EC25C11}"
EndProject
Project("{F2A71F9B-5D33-465A-A702-920D77279786}") = "EyemetricFR", "lib\EyemetricFR\EyemetricFR.fsproj", "{E581E817-9D49-4A70-99B6-55D471ACD2E0}"
EndProject
Global
	GlobalSection(SolutionConfigurationPlatforms) = preSolution
		Debug|Any CPU = Debug|Any CPU
		Release|Any CPU = Release|Any CPU
	EndGlobalSection
	GlobalSection(ProjectConfigurationPlatforms) = postSolution
		{6F17D61A-6C5A-4A09-BC8F-9F626EC25C11}.Debug|Any CPU.ActiveCfg = Debug|Any CPU
		{6F17D61A-6C5A-4A09-BC8F-9F626EC25C11}.Debug|Any CPU.Build.0 = Debug|Any CPU
		{6F17D61A-6C5A-4A09-BC8F-9F626EC25C11}.Release|Any CPU.ActiveCfg = Release|Any CPU
		{6F17D61A-6C5A-4A09-BC8F-9F626EC25C11}.Release|Any CPU.Build.0 = Release|Any CPU
		{E581E817-9D49-4A70-99B6-55D471ACD2E0}.Debug|Any CPU.ActiveCfg = Debug|Any CPU
		{E581E817-9D49-4A70-99B6-55D471ACD2E0}.Debug|Any CPU.Build.0 = Debug|Any CPU
		{E581E817-9D49-4A70-99B6-55D471ACD2E0}.Release|Any CPU.ActiveCfg = Release|Any CPU
		{E581E817-9D49-4A70-99B6-55D471ACD2E0}.Release|Any CPU.Build.0 = Release|Any CPU
	EndGlobalSection
	GlobalSection(NestedProjects) = preSolution
	EndGlobalSection
EndGlobal
